// !$*UTF8*$!
{
	archiveVersion = 1;
	classes = {
	};
	objectVersion = 56;
	objects = {

/* Begin PBXBuildFile section */
		2DE40E832CD331280021232B /* cardgame02App.swift in Sources */ = {isa = PBXBuildFile; fileRef = 2DE40E822CD331280021232B /* cardgame02App.swift */; };
		2DE40E852CD331280021232B /* ContentView.swift in Sources */ = {isa = PBXBuildFile; fileRef = 2DE40E842CD331280021232B /* ContentView.swift */; };
		2DE40E872CD3312A0021232B /* Assets.xcassets in Resources */ = {isa = PBXBuildFile; fileRef = 2DE40E862CD3312A0021232B /* Assets.xcassets */; };
		2DE40E8A2CD3312A0021232B /* Preview Assets.xcassets in Resources */ = {isa = PBXBuildFile; fileRef = 2DE40E892CD3312A0021232B /* Preview Assets.xcassets */; };
		2DE40E942CD3312A0021232B /* cardgame02Tests.swift in Sources */ = {isa = PBXBuildFile; fileRef = 2DE40E932CD3312A0021232B /* cardgame02Tests.swift */; };
		2DE40E9E2CD3312B0021232B /* cardgame02UITests.swift in Sources */ = {isa = PBXBuildFile; fileRef = 2DE40E9D2CD3312B0021232B /* cardgame02UITests.swift */; };
		2DE40EA02CD3312B0021232B /* cardgame02UITestsLaunchTests.swift in Sources */ = {isa = PBXBuildFile; fileRef = 2DE40E9F2CD3312B0021232B /* cardgame02UITestsLaunchTests.swift */; };
/* End PBXBuildFile section */

/* Begin PBXContainerItemProxy section */
		2DE40E902CD3312A0021232B /* PBXContainerItemProxy */ = {
			isa = PBXContainerItemProxy;
			containerPortal = 2DE40E772CD331280021232B /* Project object */;
			proxyType = 1;
			remoteGlobalIDString = 2DE40E7E2CD331280021232B;
			remoteInfo = cardgame02;
		};
		2DE40E9A2CD3312B0021232B /* PBXContainerItemProxy */ = {
			isa = PBXContainerItemProxy;
			containerPortal = 2DE40E772CD331280021232B /* Project object */;
			proxyType = 1;
			remoteGlobalIDString = 2DE40E7E2CD331280021232B;
			remoteInfo = cardgame02;
		};
/* End PBXContainerItemProxy section */

/* Begin PBXFileReference section */
		2DE40E7F2CD331280021232B /* cardgame02.app */ = {isa = PBXFileReference; explicitFileType = wrapper.application; includeInIndex = 0; path = cardgame02.app; sourceTree = BUILT_PRODUCTS_DIR; };
		2DE40E822CD331280021232B /* cardgame02App.swift */ = {isa = PBXFileReference; lastKnownFileType = sourcecode.swift; path = cardgame02App.swift; sourceTree = "<group>"; };
		2DE40E842CD331280021232B /* ContentView.swift */ = {isa = PBXFileReference; lastKnownFileType = sourcecode.swift; path = ContentView.swift; sourceTree = "<group>"; };
		2DE40E862CD3312A0021232B /* Assets.xcassets */ = {isa = PBXFileReference; lastKnownFileType = folder.assetcatalog; path = Assets.xcassets; sourceTree = "<group>"; };
		2DE40E892CD3312A0021232B /* Preview Assets.xcassets */ = {isa = PBXFileReference; lastKnownFileType = folder.assetcatalog; path = "Preview Assets.xcassets"; sourceTree = "<group>"; };
		2DE40E8F2CD3312A0021232B /* cardgame02Tests.xctest */ = {isa = PBXFileReference; explicitFileType = wrapper.cfbundle; includeInIndex = 0; path = cardgame02Tests.xctest; sourceTree = BUILT_PRODUCTS_DIR; };
		2DE40E932CD3312A0021232B /* cardgame02Tests.swift */ = {isa = PBXFileReference; lastKnownFileType = sourcecode.swift; path = cardgame02Tests.swift; sourceTree = "<group>"; };
		2DE40E992CD3312B0021232B /* cardgame02UITests.xctest */ = {isa = PBXFileReference; explicitFileType = wrapper.cfbundle; includeInIndex = 0; path = cardgame02UITests.xctest; sourceTree = BUILT_PRODUCTS_DIR; };
		2DE40E9D2CD3312B0021232B /* cardgame02UITests.swift */ = {isa = PBXFileReference; lastKnownFileType = sourcecode.swift; path = cardgame02UITests.swift; sourceTree = "<group>"; };
		2DE40E9F2CD3312B0021232B /* cardgame02UITestsLaunchTests.swift */ = {isa = PBXFileReference; lastKnownFileType = sourcecode.swift; path = cardgame02UITestsLaunchTests.swift; sourceTree = "<group>"; };
/* End PBXFileReference section */

/* Begin PBXFrameworksBuildPhase section */
		2DE40E7C2CD331280021232B /* Frameworks */ = {
			isa = PBXFrameworksBuildPhase;
			buildActionMask = 2147483647;
			files = (
			);
			runOnlyForDeploymentPostprocessing = 0;
		};
		2DE40E8C2CD3312A0021232B /* Frameworks */ = {
			isa = PBXFrameworksBuildPhase;
			buildActionMask = 2147483647;
			files = (
			);
			runOnlyForDeploymentPostprocessing = 0;
		};
		2DE40E962CD3312B0021232B /* Frameworks */ = {
			isa = PBXFrameworksBuildPhase;
			buildActionMask = 2147483647;
			files = (
			);
			runOnlyForDeploymentPostprocessing = 0;
		};
/* End PBXFrameworksBuildPhase section */

/* Begin PBXGroup section */
		2DE40E762CD331280021232B = {
			isa = PBXGroup;
			children = (
				2DE40E812CD331280021232B /* cardgame02 */,
				2DE40E922CD3312A0021232B /* cardgame02Tests */,
				2DE40E9C2CD3312B0021232B /* cardgame02UITests */,
				2DE40E802CD331280021232B /* Products */,
			);
			sourceTree = "<group>";
		};
		2DE40E802CD331280021232B /* Products */ = {
			isa = PBXGroup;
			children = (
				2DE40E7F2CD331280021232B /* cardgame02.app */,
				2DE40E8F2CD3312A0021232B /* cardgame02Tests.xctest */,
				2DE40E992CD3312B0021232B /* cardgame02UITests.xctest */,
			);
			name = Products;
			sourceTree = "<group>";
		};
		2DE40E812CD331280021232B /* cardgame02 */ = {
			isa = PBXGroup;
			children = (
				2DE40E822CD331280021232B /* cardgame02App.swift */,
				2DE40E842CD331280021232B /* ContentView.swift */,
				2DE40E862CD3312A0021232B /* Assets.xcassets */,
				2DE40E882CD3312A0021232B /* Preview Content */,
			);
			path = cardgame02;
			sourceTree = "<group>";
		};
		2DE40E882CD3312A0021232B /* Preview Content */ = {
			isa = PBXGroup;
			children = (
				2DE40E892CD3312A0021232B /* Preview Assets.xcassets */,
			);
			path = "Preview Content";
			sourceTree = "<group>";
		};
		2DE40E922CD3312A0021232B /* cardgame02Tests */ = {
			isa = PBXGroup;
			children = (
				2DE40E932CD3312A0021232B /* cardgame02Tests.swift */,
			);
			path = cardgame02Tests;
			sourceTree = "<group>";
		};
		2DE40E9C2CD3312B0021232B /* cardgame02UITests */ = {
			isa = PBXGroup;
			children = (
				2DE40E9D2CD3312B0021232B /* cardgame02UITests.swift */,
				2DE40E9F2CD3312B0021232B /* cardgame02UITestsLaunchTests.swift */,
			);
			path = cardgame02UITests;
			sourceTree = "<group>";
		};
/* End PBXGroup section */

/* Begin PBXNativeTarget section */
		2DE40E7E2CD331280021232B /* cardgame02 */ = {
			isa = PBXNativeTarget;
			buildConfigurationList = 2DE40EA32CD3312B0021232B /* Build configuration list for PBXNativeTarget "cardgame02" */;
			buildPhases = (
				2DE40E7B2CD331280021232B /* Sources */,
				2DE40E7C2CD331280021232B /* Frameworks */,
				2DE40E7D2CD331280021232B /* Resources */,
			);
			buildRules = (
			);
			dependencies = (
			);
			name = cardgame02;
			productName = cardgame02;
			productReference = 2DE40E7F2CD331280021232B /* cardgame02.app */;
			productType = "com.apple.product-type.application";
		};
		2DE40E8E2CD3312A0021232B /* cardgame02Tests */ = {
			isa = PBXNativeTarget;
			buildConfigurationList = 2DE40EA62CD3312B0021232B /* Build configuration list for PBXNativeTarget "cardgame02Tests" */;
			buildPhases = (
				2DE40E8B2CD3312A0021232B /* Sources */,
				2DE40E8C2CD3312A0021232B /* Frameworks */,
				2DE40E8D2CD3312A0021232B /* Resources */,
			);
			buildRules = (
			);
			dependencies = (
				2DE40E912CD3312A0021232B /* PBXTargetDependency */,
			);
			name = cardgame02Tests;
			productName = cardgame02Tests;
			productReference = 2DE40E8F2CD3312A0021232B /* cardgame02Tests.xctest */;
			productType = "com.apple.product-type.bundle.unit-test";
		};
		2DE40E982CD3312B0021232B /* cardgame02UITests */ = {
			isa = PBXNativeTarget;
			buildConfigurationList = 2DE40EA92CD3312B0021232B /* Build configuration list for PBXNativeTarget "cardgame02UITests" */;
			buildPhases = (
				2DE40E952CD3312B0021232B /* Sources */,
				2DE40E962CD3312B0021232B /* Frameworks */,
				2DE40E972CD3312B0021232B /* Resources */,
			);
			buildRules = (
			);
			dependencies = (
				2DE40E9B2CD3312B0021232B /* PBXTargetDependency */,
			);
			name = cardgame02UITests;
			productName = cardgame02UITests;
			productReference = 2DE40E992CD3312B0021232B /* cardgame02UITests.xctest */;
			productType = "com.apple.product-type.bundle.ui-testing";
		};
/* End PBXNativeTarget section */

/* Begin PBXProject section */
		2DE40E772CD331280021232B /* Project object */ = {
			isa = PBXProject;
			attributes = {
				BuildIndependentTargetsInParallel = 1;
				LastSwiftUpdateCheck = 1520;
				LastUpgradeCheck = 1520;
				TargetAttributes = {
					2DE40E7E2CD331280021232B = {
						CreatedOnToolsVersion = 15.2;
					};
					2DE40E8E2CD3312A0021232B = {
						CreatedOnToolsVersion = 15.2;
						TestTargetID = 2DE40E7E2CD331280021232B;
					};
					2DE40E982CD3312B0021232B = {
						CreatedOnToolsVersion = 15.2;
						TestTargetID = 2DE40E7E2CD331280021232B;
					};
				};
			};
			buildConfigurationList = 2DE40E7A2CD331280021232B /* Build configuration list for PBXProject "cardgame02" */;
			compatibilityVersion = "Xcode 14.0";
			developmentRegion = en;
			hasScannedForEncodings = 0;
			knownRegions = (
				en,
				Base,
			);
			mainGroup = 2DE40E762CD331280021232B;
			productRefGroup = 2DE40E802CD331280021232B /* Products */;
			projectDirPath = "";
			projectRoot = "";
			targets = (
				2DE40E7E2CD331280021232B /* cardgame02 */,
				2DE40E8E2CD3312A0021232B /* cardgame02Tests */,
				2DE40E982CD3312B0021232B /* cardgame02UITests */,
			);
		};
/* End PBXProject section */

/* Begin PBXResourcesBuildPhase section */
		2DE40E7D2CD331280021232B /* Resources */ = {
			isa = PBXResourcesBuildPhase;
			buildActionMask = 2147483647;
			files = (
				2DE40E8A2CD3312A0021232B /* Preview Assets.xcassets in Resources */,
				2DE40E872CD3312A0021232B /* Assets.xcassets in Resources */,
			);
			runOnlyForDeploymentPostprocessing = 0;
		};
		2DE40E8D2CD3312A0021232B /* Resources */ = {
			isa = PBXResourcesBuildPhase;
			buildActionMask = 2147483647;
			files = (
			);
			runOnlyForDeploymentPostprocessing = 0;
		};
		2DE40E972CD3312B0021232B /* Resources */ = {
			isa = PBXResourcesBuildPhase;
			buildActionMask = 2147483647;
			files = (
			);
			runOnlyForDeploymentPostprocessing = 0;
		};
/* End PBXResourcesBuildPhase section */

/* Begin PBXSourcesBuildPhase section */
		2DE40E7B2CD331280021232B /* Sources */ = {
			isa = PBXSourcesBuildPhase;
			buildActionMask = 2147483647;
			files = (
				2DE40E852CD331280021232B /* ContentView.swift in Sources */,
				2DE40E832CD331280021232B /* cardgame02App.swift in Sources */,
			);
			runOnlyForDeploymentPostprocessing = 0;
		};
		2DE40E8B2CD3312A0021232B /* Sources */ = {
			isa = PBXSourcesBuildPhase;
			buildActionMask = 2147483647;
			files = (
				2DE40E942CD3312A0021232B /* cardgame02Tests.swift in Sources */,
			);
			runOnlyForDeploymentPostprocessing = 0;
		};
		2DE40E952CD3312B0021232B /* Sources */ = {
			isa = PBXSourcesBuildPhase;
			buildActionMask = 2147483647;
			files = (
				2DE40EA02CD3312B0021232B /* cardgame02UITestsLaunchTests.swift in Sources */,
				2DE40E9E2CD3312B0021232B /* cardgame02UITests.swift in Sources */,
			);
			runOnlyForDeploymentPostprocessing = 0;
		};
/* End PBXSourcesBuildPhase section */

/* Begin PBXTargetDependency section */
		2DE40E912CD3312A0021232B /* PBXTargetDependency */ = {
			isa = PBXTargetDependency;
			target = 2DE40E7E2CD331280021232B /* cardgame02 */;
			targetProxy = 2DE40E902CD3312A0021232B /* PBXContainerItemProxy */;
		};
		2DE40E9B2CD3312B0021232B /* PBXTargetDependency */ = {
			isa = PBXTargetDependency;
			target = 2DE40E7E2CD331280021232B /* cardgame02 */;
			targetProxy = 2DE40E9A2CD3312B0021232B /* PBXContainerItemProxy */;
		};
/* End PBXTargetDependency section */

/* Begin XCBuildConfiguration section */
		2DE40EA12CD3312B0021232B /* Debug */ = {
			isa = XCBuildConfiguration;
			buildSettings = {
				ALWAYS_SEARCH_USER_PATHS = NO;
				ASSETCATALOG_COMPILER_GENERATE_SWIFT_ASSET_SYMBOL_EXTENSIONS = YES;
				CLANG_ANALYZER_NONNULL = YES;
				CLANG_ANALYZER_NUMBER_OBJECT_CONVERSION = YES_AGGRESSIVE;
				CLANG_CXX_LANGUAGE_STANDARD = "gnu++20";
				CLANG_ENABLE_MODULES = YES;
				CLANG_ENABLE_OBJC_ARC = YES;
				CLANG_ENABLE_OBJC_WEAK = YES;
				CLANG_WARN_BLOCK_CAPTURE_AUTORELEASING = YES;
				CLANG_WARN_BOOL_CONVERSION = YES;
				CLANG_WARN_COMMA = YES;
				CLANG_WARN_CONSTANT_CONVERSION = YES;
				CLANG_WARN_DEPRECATED_OBJC_IMPLEMENTATIONS = YES;
				CLANG_WARN_DIRECT_OBJC_ISA_USAGE = YES_ERROR;
				CLANG_WARN_DOCUMENTATION_COMMENTS = YES;
				CLANG_WARN_EMPTY_BODY = YES;
				CLANG_WARN_ENUM_CONVERSION = YES;
				CLANG_WARN_INFINITE_RECURSION = YES;
				CLANG_WARN_INT_CONVERSION = YES;
				CLANG_WARN_NON_LITERAL_NULL_CONVERSION = YES;
				CLANG_WARN_OBJC_IMPLICIT_RETAIN_SELF = YES;
				CLANG_WARN_OBJC_LITERAL_CONVERSION = YES;
				CLANG_WARN_OBJC_ROOT_CLASS = YES_ERROR;
				CLANG_WARN_QUOTED_INCLUDE_IN_FRAMEWORK_HEADER = YES;
				CLANG_WARN_RANGE_LOOP_ANALYSIS = YES;
				CLANG_WARN_STRICT_PROTOTYPES = YES;
				CLANG_WARN_SUSPICIOUS_MOVE = YES;
				CLANG_WARN_UNGUARDED_AVAILABILITY = YES_AGGRESSIVE;
				CLANG_WARN_UNREACHABLE_CODE = YES;
				CLANG_WARN__DUPLICATE_METHOD_MATCH = YES;
				COPY_PHASE_STRIP = NO;
				DEBUG_INFORMATION_FORMAT = dwarf;
				ENABLE_STRICT_OBJC_MSGSEND = YES;
				ENABLE_TESTABILITY = YES;
				ENABLE_USER_SCRIPT_SANDBOXING = YES;
				GCC_C_LANGUAGE_STANDARD = gnu17;
				GCC_DYNAMIC_NO_PIC = NO;
				GCC_NO_COMMON_BLOCKS = YES;
				GCC_OPTIMIZATION_LEVEL = 0;
				GCC_PREPROCESSOR_DEFINITIONS = (
					"DEBUG=1",
					"$(inherited)",
				);
				GCC_WARN_64_TO_32_BIT_CONVERSION = YES;
				GCC_WARN_ABOUT_RETURN_TYPE = YES_ERROR;
				GCC_WARN_UNDECLARED_SELECTOR = YES;
				GCC_WARN_UNINITIALIZED_AUTOS = YES_AGGRESSIVE;
				GCC_WARN_UNUSED_FUNCTION = YES;
				GCC_WARN_UNUSED_VARIABLE = YES;
				IPHONEOS_DEPLOYMENT_TARGET = 17.2;
				LOCALIZATION_PREFERS_STRING_CATALOGS = YES;
				MTL_ENABLE_DEBUG_INFO = INCLUDE_SOURCE;
				MTL_FAST_MATH = YES;
				ONLY_ACTIVE_ARCH = YES;
				SDKROOT = iphoneos;
				SWIFT_ACTIVE_COMPILATION_CONDITIONS = "DEBUG $(inherited)";
				SWIFT_OPTIMIZATION_LEVEL = "-Onone";
			};
			name = Debug;
		};
		2DE40EA22CD3312B0021232B /* Release */ = {
			isa = XCBuildConfiguration;
			buildSettings = {
				ALWAYS_SEARCH_USER_PATHS = NO;
				ASSETCATALOG_COMPILER_GENERATE_SWIFT_ASSET_SYMBOL_EXTENSIONS = YES;
				CLANG_ANALYZER_NONNULL = YES;
				CLANG_ANALYZER_NUMBER_OBJECT_CONVERSION = YES_AGGRESSIVE;
				CLANG_CXX_LANGUAGE_STANDARD = "gnu++20";
				CLANG_ENABLE_MODULES = YES;
				CLANG_ENABLE_OBJC_ARC = YES;
				CLANG_ENABLE_OBJC_WEAK = YES;
				CLANG_WARN_BLOCK_CAPTURE_AUTORELEASING = YES;
				CLANG_WARN_BOOL_CONVERSION = YES;
				CLANG_WARN_COMMA = YES;
				CLANG_WARN_CONSTANT_CONVERSION = YES;
				CLANG_WARN_DEPRECATED_OBJC_IMPLEMENTATIONS = YES;
				CLANG_WARN_DIRECT_OBJC_ISA_USAGE = YES_ERROR;
				CLANG_WARN_DOCUMENTATION_COMMENTS = YES;
				CLANG_WARN_EMPTY_BODY = YES;
				CLANG_WARN_ENUM_CONVERSION = YES;
				CLANG_WARN_INFINITE_RECURSION = YES;
				CLANG_WARN_INT_CONVERSION = YES;
				CLANG_WARN_NON_LITERAL_NULL_CONVERSION = YES;
				CLANG_WARN_OBJC_IMPLICIT_RETAIN_SELF = YES;
				CLANG_WARN_OBJC_LITERAL_CONVERSION = YES;
				CLANG_WARN_OBJC_ROOT_CLASS = YES_ERROR;
				CLANG_WARN_QUOTED_INCLUDE_IN_FRAMEWORK_HEADER = YES;
				CLANG_WARN_RANGE_LOOP_ANALYSIS = YES;
				CLANG_WARN_STRICT_PROTOTYPES = YES;
				CLANG_WARN_SUSPICIOUS_MOVE = YES;
				CLANG_WARN_UNGUARDED_AVAILABILITY = YES_AGGRESSIVE;
				CLANG_WARN_UNREACHABLE_CODE = YES;
				CLANG_WARN__DUPLICATE_METHOD_MATCH = YES;
				COPY_PHASE_STRIP = NO;
				DEBUG_INFORMATION_FORMAT = "dwarf-with-dsym";
				ENABLE_NS_ASSERTIONS = NO;
				ENABLE_STRICT_OBJC_MSGSEND = YES;
				ENABLE_USER_SCRIPT_SANDBOXING = YES;
				GCC_C_LANGUAGE_STANDARD = gnu17;
				GCC_NO_COMMON_BLOCKS = YES;
				GCC_WARN_64_TO_32_BIT_CONVERSION = YES;
				GCC_WARN_ABOUT_RETURN_TYPE = YES_ERROR;
				GCC_WARN_UNDECLARED_SELECTOR = YES;
				GCC_WARN_UNINITIALIZED_AUTOS = YES_AGGRESSIVE;
				GCC_WARN_UNUSED_FUNCTION = YES;
				GCC_WARN_UNUSED_VARIABLE = YES;
				IPHONEOS_DEPLOYMENT_TARGET = 17.2;
				LOCALIZATION_PREFERS_STRING_CATALOGS = YES;
				MTL_ENABLE_DEBUG_INFO = NO;
				MTL_FAST_MATH = YES;
				SDKROOT = iphoneos;
				SWIFT_COMPILATION_MODE = wholemodule;
				VALIDATE_PRODUCT = YES;
			};
			name = Release;
		};
		2DE40EA42CD3312B0021232B /* Debug */ = {
			isa = XCBuildConfiguration;
			buildSettings = {
				ASSETCATALOG_COMPILER_APPICON_NAME = AppIcon;
				ASSETCATALOG_COMPILER_GLOBAL_ACCENT_COLOR_NAME = AccentColor;
				CODE_SIGN_STYLE = Automatic;
				CURRENT_PROJECT_VERSION = 1;
				DEVELOPMENT_ASSET_PATHS = "\"cardgame02/Preview Content\"";
				ENABLE_PREVIEWS = YES;
				GENERATE_INFOPLIST_FILE = YES;
				INFOPLIST_KEY_UIApplicationSceneManifest_Generation = YES;
				INFOPLIST_KEY_UIApplicationSupportsIndirectInputEvents = YES;
				INFOPLIST_KEY_UILaunchScreen_Generation = YES;
				INFOPLIST_KEY_UISupportedInterfaceOrientations_iPad = "UIInterfaceOrientationPortrait UIInterfaceOrientationPortraitUpsideDown UIInterfaceOrientationLandscapeLeft UIInterfaceOrientationLandscapeRight";
				INFOPLIST_KEY_UISupportedInterfaceOrientations_iPhone = "UIInterfaceOrientationPortrait UIInterfaceOrientationLandscapeLeft UIInterfaceOrientationLandscapeRight";
				LD_RUNPATH_SEARCH_PATHS = (
					"$(inherited)",
					"@executable_path/Frameworks",
				);
				MARKETING_VERSION = 1.0;
				PRODUCT_BUNDLE_IDENTIFIER = com.h.cardgame02;
				PRODUCT_NAME = "$(TARGET_NAME)";
				SWIFT_EMIT_LOC_STRINGS = YES;
				SWIFT_VERSION = 5.0;
				TARGETED_DEVICE_FAMILY = "1,2";
			};
			name = Debug;
		};
		2DE40EA52CD3312B0021232B /* Release */ = {
			isa = XCBuildConfiguration;
			buildSettings = {
				ASSETCATALOG_COMPILER_APPICON_NAME = AppIcon;
				ASSETCATALOG_COMPILER_GLOBAL_ACCENT_COLOR_NAME = AccentColor;
				CODE_SIGN_STYLE = Automatic;
				CURRENT_PROJECT_VERSION = 1;
				DEVELOPMENT_ASSET_PATHS = "\"cardgame02/Preview Content\"";
				ENABLE_PREVIEWS = YES;
				GENERATE_INFOPLIST_FILE = YES;
				INFOPLIST_KEY_UIApplicationSceneManifest_Generation = YES;
				INFOPLIST_KEY_UIApplicationSupportsIndirectInputEvents = YES;
				INFOPLIST_KEY_UILaunchScreen_Generation = YES;
				INFOPLIST_KEY_UISupportedInterfaceOrientations_iPad = "UIInterfaceOrientationPortrait UIInterfaceOrientationPortraitUpsideDown UIInterfaceOrientationLandscapeLeft UIInterfaceOrientationLandscapeRight";
				INFOPLIST_KEY_UISupportedInterfaceOrientations_iPhone = "UIInterfaceOrientationPortrait UIInterfaceOrientationLandscapeLeft UIInterfaceOrientationLandscapeRight";
				LD_RUNPATH_SEARCH_PATHS = (
					"$(inherited)",
					"@executable_path/Frameworks",
				);
				MARKETING_VERSION = 1.0;
				PRODUCT_BUNDLE_IDENTIFIER = com.h.cardgame02;
				PRODUCT_NAME = "$(TARGET_NAME)";
				SWIFT_EMIT_LOC_STRINGS = YES;
				SWIFT_VERSION = 5.0;
				TARGETED_DEVICE_FAMILY = "1,2";
			};
			name = Release;
		};
		2DE40EA72CD3312B0021232B /* Debug */ = {
			isa = XCBuildConfiguration;
			buildSettings = {
				ALWAYS_EMBED_SWIFT_STANDARD_LIBRARIES = YES;
				BUNDLE_LOADER = "$(TEST_HOST)";
				CODE_SIGN_STYLE = Automatic;
				CURRENT_PROJECT_VERSION = 1;
				GENERATE_INFOPLIST_FILE = YES;
				IPHONEOS_DEPLOYMENT_TARGET = 17.2;
				MARKETING_VERSION = 1.0;
				PRODUCT_BUNDLE_IDENTIFIER = com.h.cardgame02Tests;
				PRODUCT_NAME = "$(TARGET_NAME)";
				SWIFT_EMIT_LOC_STRINGS = NO;
				SWIFT_VERSION = 5.0;
				TARGETED_DEVICE_FAMILY = "1,2";
				TEST_HOST = "$(BUILT_PRODUCTS_DIR)/cardgame02.app/$(BUNDLE_EXECUTABLE_FOLDER_PATH)/cardgame02";
			};
			name = Debug;
		};
		2DE40EA82CD3312B0021232B /* Release */ = {
			isa = XCBuildConfiguration;
			buildSettings = {
				ALWAYS_EMBED_SWIFT_STANDARD_LIBRARIES = YES;
				BUNDLE_LOADER = "$(TEST_HOST)";
				CODE_SIGN_STYLE = Automatic;
				CURRENT_PROJECT_VERSION = 1;
				GENERATE_INFOPLIST_FILE = YES;
				IPHONEOS_DEPLOYMENT_TARGET = 17.2;
				MARKETING_VERSION = 1.0;
				PRODUCT_BUNDLE_IDENTIFIER = com.h.cardgame02Tests;
				PRODUCT_NAME = "$(TARGET_NAME)";
				SWIFT_EMIT_LOC_STRINGS = NO;
				SWIFT_VERSION = 5.0;
				TARGETED_DEVICE_FAMILY = "1,2";
				TEST_HOST = "$(BUILT_PRODUCTS_DIR)/cardgame02.app/$(BUNDLE_EXECUTABLE_FOLDER_PATH)/cardgame02";
			};
			name = Release;
		};
		2DE40EAA2CD3312B0021232B /* Debug */ = {
			isa = XCBuildConfiguration;
			buildSettings = {
				ALWAYS_EMBED_SWIFT_STANDARD_LIBRARIES = YES;
				CODE_SIGN_STYLE = Automatic;
				CURRENT_PROJECT_VERSION = 1;
				GENERATE_INFOPLIST_FILE = YES;
				MARKETING_VERSION = 1.0;
				PRODUCT_BUNDLE_IDENTIFIER = com.h.cardgame02UITests;
				PRODUCT_NAME = "$(TARGET_NAME)";
				SWIFT_EMIT_LOC_STRINGS = NO;
				SWIFT_VERSION = 5.0;
				TARGETED_DEVICE_FAMILY = "1,2";
				TEST_TARGET_NAME = cardgame02;
			};
			name = Debug;
		};
		2DE40EAB2CD3312B0021232B /* Release */ = {
			isa = XCBuildConfiguration;
			buildSettings = {
				ALWAYS_EMBED_SWIFT_STANDARD_LIBRARIES = YES;
				CODE_SIGN_STYLE = Automatic;
				CURRENT_PROJECT_VERSION = 1;
				GENERATE_INFOPLIST_FILE = YES;
				MARKETING_VERSION = 1.0;
				PRODUCT_BUNDLE_IDENTIFIER = com.h.cardgame02UITests;
				PRODUCT_NAME = "$(TARGET_NAME)";
				SWIFT_EMIT_LOC_STRINGS = NO;
				SWIFT_VERSION = 5.0;
				TARGETED_DEVICE_FAMILY = "1,2";
				TEST_TARGET_NAME = cardgame02;
			};
			name = Release;
		};
/* End XCBuildConfiguration section */

/* Begin XCConfigurationList section */
		2DE40E7A2CD331280021232B /* Build configuration list for PBXProject "cardgame02" */ = {
			isa = XCConfigurationList;
			buildConfigurations = (
				2DE40EA12CD3312B0021232B /* Debug */,
				2DE40EA22CD3312B0021232B /* Release */,
			);
			defaultConfigurationIsVisible = 0;
			defaultConfigurationName = Release;
		};
		2DE40EA32CD3312B0021232B /* Build configuration list for PBXNativeTarget "cardgame02" */ = {
			isa = XCConfigurationList;
			buildConfigurations = (
				2DE40EA42CD3312B0021232B /* Debug */,
				2DE40EA52CD3312B0021232B /* Release */,
			);
			defaultConfigurationIsVisible = 0;
			defaultConfigurationName = Release;
		};
		2DE40EA62CD3312B0021232B /* Build configuration list for PBXNativeTarget "cardgame02Tests" */ = {
			isa = XCConfigurationList;
			buildConfigurations = (
				2DE40EA72CD3312B0021232B /* Debug */,
				2DE40EA82CD3312B0021232B /* Release */,
			);
			defaultConfigurationIsVisible = 0;
			defaultConfigurationName = Release;
		};
		2DE40EA92CD3312B0021232B /* Build configuration list for PBXNativeTarget "cardgame02UITests" */ = {
			isa = XCConfigurationList;
			buildConfigurations = (
				2DE40EAA2CD3312B0021232B /* Debug */,
				2DE40EAB2CD3312B0021232B /* Release */,
			);
			defaultConfigurationIsVisible = 0;
			defaultConfigurationName = Release;
		};
/* End XCConfigurationList section */
	};
	rootObject = 2DE40E772CD331280021232B /* Project object */;
}
